// !$*UTF8*$!
{
	archiveVersion = 1;
	classes = {
	};
	objectVersion = 56;
	objects = {

/* Begin PBXBuildFile section */
		88A4D7A129CB2F04005114F5 /* MyTimerApp.swift in Sources */ = {isa = PBXBuildFile; fileRef = 88A4D7A029CB2F04005114F5 /* MyTimerApp.swift */; };
		88A4D7A329CB2F04005114F5 /* ContentView.swift in Sources */ = {isa = PBXBuildFile; fileRef = 88A4D7A229CB2F04005114F5 /* ContentView.swift */; };
		88A4D7A529CB2F06005114F5 /* Assets.xcassets in Resources */ = {isa = PBXBuildFile; fileRef = 88A4D7A429CB2F06005114F5 /* Assets.xcassets */; };
		88A4D7A829CB2F06005114F5 /* Preview Assets.xcassets in Resources */ = {isa = PBXBuildFile; fileRef = 88A4D7A729CB2F06005114F5 /* Preview Assets.xcassets */; };
		88A4D7B229CB2F06005114F5 /* MyTimerTests.swift in Sources */ = {isa = PBXBuildFile; fileRef = 88A4D7B129CB2F06005114F5 /* MyTimerTests.swift */; };
		88A4D7BC29CB2F06005114F5 /* MyTimerUITests.swift in Sources */ = {isa = PBXBuildFile; fileRef = 88A4D7BB29CB2F06005114F5 /* MyTimerUITests.swift */; };
		88A4D7BE29CB2F06005114F5 /* MyTimerUITestsLaunchTests.swift in Sources */ = {isa = PBXBuildFile; fileRef = 88A4D7BD29CB2F06005114F5 /* MyTimerUITestsLaunchTests.swift */; };
		88A4D7CB29CB2F27005114F5 /* Content-ViewModel.swift in Sources */ = {isa = PBXBuildFile; fileRef = 88A4D7CA29CB2F27005114F5 /* Content-ViewModel.swift */; };
		88E8323A29D099500024DCFF /* HapticsManager.swift in Sources */ = {isa = PBXBuildFile; fileRef = 88E8323929D099500024DCFF /* HapticsManager.swift */; };
		88E8323C29D24F030024DCFF /* PushNotifications.swift in Sources */ = {isa = PBXBuildFile; fileRef = 88E8323B29D24F030024DCFF /* PushNotifications.swift */; };
		88E8324129D4CDFD0024DCFF /* AppDelegate.swift in Sources */ = {isa = PBXBuildFile; fileRef = 88E8324029D4CDFD0024DCFF /* AppDelegate.swift */; };
		88E8324429D4D8660024DCFF /* AudioKit in Frameworks */ = {isa = PBXBuildFile; productRef = 88E8324329D4D8660024DCFF /* AudioKit */; };
/* End PBXBuildFile section */

/* Begin PBXContainerItemProxy section */
		88A4D7AE29CB2F06005114F5 /* PBXContainerItemProxy */ = {
			isa = PBXContainerItemProxy;
			containerPortal = 88A4D79529CB2F04005114F5 /* Project object */;
			proxyType = 1;
			remoteGlobalIDString = 88A4D79C29CB2F04005114F5;
			remoteInfo = MyTimer;
		};
		88A4D7B829CB2F06005114F5 /* PBXContainerItemProxy */ = {
			isa = PBXContainerItemProxy;
			containerPortal = 88A4D79529CB2F04005114F5 /* Project object */;
			proxyType = 1;
			remoteGlobalIDString = 88A4D79C29CB2F04005114F5;
			remoteInfo = MyTimer;
		};
/* End PBXContainerItemProxy section */

/* Begin PBXFileReference section */
		88A4D79D29CB2F04005114F5 /* MyTimer.app */ = {isa = PBXFileReference; explicitFileType = wrapper.application; includeInIndex = 0; path = MyTimer.app; sourceTree = BUILT_PRODUCTS_DIR; };
		88A4D7A029CB2F04005114F5 /* MyTimerApp.swift */ = {isa = PBXFileReference; lastKnownFileType = sourcecode.swift; path = MyTimerApp.swift; sourceTree = "<group>"; };
		88A4D7A229CB2F04005114F5 /* ContentView.swift */ = {isa = PBXFileReference; lastKnownFileType = sourcecode.swift; path = ContentView.swift; sourceTree = "<group>"; };
		88A4D7A429CB2F06005114F5 /* Assets.xcassets */ = {isa = PBXFileReference; lastKnownFileType = folder.assetcatalog; path = Assets.xcassets; sourceTree = "<group>"; };
		88A4D7A729CB2F06005114F5 /* Preview Assets.xcassets */ = {isa = PBXFileReference; lastKnownFileType = folder.assetcatalog; path = "Preview Assets.xcassets"; sourceTree = "<group>"; };
		88A4D7AD29CB2F06005114F5 /* MyTimerTests.xctest */ = {isa = PBXFileReference; explicitFileType = wrapper.cfbundle; includeInIndex = 0; path = MyTimerTests.xctest; sourceTree = BUILT_PRODUCTS_DIR; };
		88A4D7B129CB2F06005114F5 /* MyTimerTests.swift */ = {isa = PBXFileReference; lastKnownFileType = sourcecode.swift; path = MyTimerTests.swift; sourceTree = "<group>"; };
		88A4D7B729CB2F06005114F5 /* MyTimerUITests.xctest */ = {isa = PBXFileReference; explicitFileType = wrapper.cfbundle; includeInIndex = 0; path = MyTimerUITests.xctest; sourceTree = BUILT_PRODUCTS_DIR; };
		88A4D7BB29CB2F06005114F5 /* MyTimerUITests.swift */ = {isa = PBXFileReference; lastKnownFileType = sourcecode.swift; path = MyTimerUITests.swift; sourceTree = "<group>"; };
		88A4D7BD29CB2F06005114F5 /* MyTimerUITestsLaunchTests.swift */ = {isa = PBXFileReference; lastKnownFileType = sourcecode.swift; path = MyTimerUITestsLaunchTests.swift; sourceTree = "<group>"; };
		88A4D7CA29CB2F27005114F5 /* Content-ViewModel.swift */ = {isa = PBXFileReference; lastKnownFileType = sourcecode.swift; path = "Content-ViewModel.swift"; sourceTree = "<group>"; };
		88E8323929D099500024DCFF /* HapticsManager.swift */ = {isa = PBXFileReference; lastKnownFileType = sourcecode.swift; path = HapticsManager.swift; sourceTree = "<group>"; };
		88E8323B29D24F030024DCFF /* PushNotifications.swift */ = {isa = PBXFileReference; lastKnownFileType = sourcecode.swift; path = PushNotifications.swift; sourceTree = "<group>"; };
		88E8323F29D4C4970024DCFF /* Info.plist */ = {isa = PBXFileReference; lastKnownFileType = text.plist; path = Info.plist; sourceTree = "<group>"; };
		88E8324029D4CDFD0024DCFF /* AppDelegate.swift */ = {isa = PBXFileReference; lastKnownFileType = sourcecode.swift; path = AppDelegate.swift; sourceTree = "<group>"; };
/* End PBXFileReference section */

/* Begin PBXFrameworksBuildPhase section */
		88A4D79A29CB2F04005114F5 /* Frameworks */ = {
			isa = PBXFrameworksBuildPhase;
			buildActionMask = 2147483647;
			files = (
				88E8324429D4D8660024DCFF /* AudioKit in Frameworks */,
			);
			runOnlyForDeploymentPostprocessing = 0;
		};
		88A4D7AA29CB2F06005114F5 /* Frameworks */ = {
			isa = PBXFrameworksBuildPhase;
			buildActionMask = 2147483647;
			files = (
			);
			runOnlyForDeploymentPostprocessing = 0;
		};
		88A4D7B429CB2F06005114F5 /* Frameworks */ = {
			isa = PBXFrameworksBuildPhase;
			buildActionMask = 2147483647;
			files = (
			);
			runOnlyForDeploymentPostprocessing = 0;
		};
/* End PBXFrameworksBuildPhase section */

/* Begin PBXGroup section */
		88A4D79429CB2F04005114F5 = {
			isa = PBXGroup;
			children = (
				88A4D79F29CB2F04005114F5 /* MyTimer */,
				88A4D7B029CB2F06005114F5 /* MyTimerTests */,
				88A4D7BA29CB2F06005114F5 /* MyTimerUITests */,
				88A4D79E29CB2F04005114F5 /* Products */,
			);
			sourceTree = "<group>";
		};
		88A4D79E29CB2F04005114F5 /* Products */ = {
			isa = PBXGroup;
			children = (
				88A4D79D29CB2F04005114F5 /* MyTimer.app */,
				88A4D7AD29CB2F06005114F5 /* MyTimerTests.xctest */,
				88A4D7B729CB2F06005114F5 /* MyTimerUITests.xctest */,
			);
			name = Products;
			sourceTree = "<group>";
		};
		88A4D79F29CB2F04005114F5 /* MyTimer */ = {
			isa = PBXGroup;
			children = (
				88E8323F29D4C4970024DCFF /* Info.plist */,
				88A4D7A029CB2F04005114F5 /* MyTimerApp.swift */,
				88E8324029D4CDFD0024DCFF /* AppDelegate.swift */,
				88A4D7A229CB2F04005114F5 /* ContentView.swift */,
				88A4D7CA29CB2F27005114F5 /* Content-ViewModel.swift */,
				88E8323929D099500024DCFF /* HapticsManager.swift */,
				88E8323B29D24F030024DCFF /* PushNotifications.swift */,
				88A4D7A429CB2F06005114F5 /* Assets.xcassets */,
				88A4D7A629CB2F06005114F5 /* Preview Content */,
			);
			path = MyTimer;
			sourceTree = "<group>";
		};
		88A4D7A629CB2F06005114F5 /* Preview Content */ = {
			isa = PBXGroup;
			children = (
				88A4D7A729CB2F06005114F5 /* Preview Assets.xcassets */,
			);
			path = "Preview Content";
			sourceTree = "<group>";
		};
		88A4D7B029CB2F06005114F5 /* MyTimerTests */ = {
			isa = PBXGroup;
			children = (
				88A4D7B129CB2F06005114F5 /* MyTimerTests.swift */,
			);
			path = MyTimerTests;
			sourceTree = "<group>";
		};
		88A4D7BA29CB2F06005114F5 /* MyTimerUITests */ = {
			isa = PBXGroup;
			children = (
				88A4D7BB29CB2F06005114F5 /* MyTimerUITests.swift */,
				88A4D7BD29CB2F06005114F5 /* MyTimerUITestsLaunchTests.swift */,
			);
			path = MyTimerUITests;
			sourceTree = "<group>";
		};
/* End PBXGroup section */

/* Begin PBXNativeTarget section */
		88A4D79C29CB2F04005114F5 /* MyTimer */ = {
			isa = PBXNativeTarget;
			buildConfigurationList = 88A4D7C129CB2F06005114F5 /* Build configuration list for PBXNativeTarget "MyTimer" */;
			buildPhases = (
				88A4D79929CB2F04005114F5 /* Sources */,
				88A4D79A29CB2F04005114F5 /* Frameworks */,
				88A4D79B29CB2F04005114F5 /* Resources */,
			);
			buildRules = (
			);
			dependencies = (
			);
			name = MyTimer;
			packageProductDependencies = (
				88E8324329D4D8660024DCFF /* AudioKit */,
			);
			productName = MyTimer;
			productReference = 88A4D79D29CB2F04005114F5 /* MyTimer.app */;
			productType = "com.apple.product-type.application";
		};
		88A4D7AC29CB2F06005114F5 /* MyTimerTests */ = {
			isa = PBXNativeTarget;
			buildConfigurationList = 88A4D7C429CB2F06005114F5 /* Build configuration list for PBXNativeTarget "MyTimerTests" */;
			buildPhases = (
				88A4D7A929CB2F06005114F5 /* Sources */,
				88A4D7AA29CB2F06005114F5 /* Frameworks */,
				88A4D7AB29CB2F06005114F5 /* Resources */,
			);
			buildRules = (
			);
			dependencies = (
				88A4D7AF29CB2F06005114F5 /* PBXTargetDependency */,
			);
			name = MyTimerTests;
			productName = MyTimerTests;
			productReference = 88A4D7AD29CB2F06005114F5 /* MyTimerTests.xctest */;
			productType = "com.apple.product-type.bundle.unit-test";
		};
		88A4D7B629CB2F06005114F5 /* MyTimerUITests */ = {
			isa = PBXNativeTarget;
			buildConfigurationList = 88A4D7C729CB2F06005114F5 /* Build configuration list for PBXNativeTarget "MyTimerUITests" */;
			buildPhases = (
				88A4D7B329CB2F06005114F5 /* Sources */,
				88A4D7B429CB2F06005114F5 /* Frameworks */,
				88A4D7B529CB2F06005114F5 /* Resources */,
			);
			buildRules = (
			);
			dependencies = (
				88A4D7B929CB2F06005114F5 /* PBXTargetDependency */,
			);
			name = MyTimerUITests;
			productName = MyTimerUITests;
			productReference = 88A4D7B729CB2F06005114F5 /* MyTimerUITests.xctest */;
			productType = "com.apple.product-type.bundle.ui-testing";
		};
/* End PBXNativeTarget section */

/* Begin PBXProject section */
		88A4D79529CB2F04005114F5 /* Project object */ = {
			isa = PBXProject;
			attributes = {
				BuildIndependentTargetsInParallel = 1;
				LastSwiftUpdateCheck = 1420;
				LastUpgradeCheck = 1420;
				TargetAttributes = {
					88A4D79C29CB2F04005114F5 = {
						CreatedOnToolsVersion = 14.2;
					};
					88A4D7AC29CB2F06005114F5 = {
						CreatedOnToolsVersion = 14.2;
						TestTargetID = 88A4D79C29CB2F04005114F5;
					};
					88A4D7B629CB2F06005114F5 = {
						CreatedOnToolsVersion = 14.2;
						TestTargetID = 88A4D79C29CB2F04005114F5;
					};
				};
			};
			buildConfigurationList = 88A4D79829CB2F04005114F5 /* Build configuration list for PBXProject "MyTimer" */;
			compatibilityVersion = "Xcode 14.0";
			developmentRegion = en;
			hasScannedForEncodings = 0;
			knownRegions = (
				en,
				Base,
			);
			mainGroup = 88A4D79429CB2F04005114F5;
			packageReferences = (
				88E8324229D4D8660024DCFF /* XCRemoteSwiftPackageReference "AudioKit" */,
			);
			productRefGroup = 88A4D79E29CB2F04005114F5 /* Products */;
			projectDirPath = "";
			projectRoot = "";
			targets = (
				88A4D79C29CB2F04005114F5 /* MyTimer */,
				88A4D7AC29CB2F06005114F5 /* MyTimerTests */,
				88A4D7B629CB2F06005114F5 /* MyTimerUITests */,
			);
		};
/* End PBXProject section */

/* Begin PBXResourcesBuildPhase section */
		88A4D79B29CB2F04005114F5 /* Resources */ = {
			isa = PBXResourcesBuildPhase;
			buildActionMask = 2147483647;
			files = (
				88A4D7A829CB2F06005114F5 /* Preview Assets.xcassets in Resources */,
				88A4D7A529CB2F06005114F5 /* Assets.xcassets in Resources */,
			);
			runOnlyForDeploymentPostprocessing = 0;
		};
		88A4D7AB29CB2F06005114F5 /* Resources */ = {
			isa = PBXResourcesBuildPhase;
			buildActionMask = 2147483647;
			files = (
			);
			runOnlyForDeploymentPostprocessing = 0;
		};
		88A4D7B529CB2F06005114F5 /* Resources */ = {
			isa = PBXResourcesBuildPhase;
			buildActionMask = 2147483647;
			files = (
			);
			runOnlyForDeploymentPostprocessing = 0;
		};
/* End PBXResourcesBuildPhase section */

/* Begin PBXSourcesBuildPhase section */
		88A4D79929CB2F04005114F5 /* Sources */ = {
			isa = PBXSourcesBuildPhase;
			buildActionMask = 2147483647;
			files = (
				88E8324129D4CDFD0024DCFF /* AppDelegate.swift in Sources */,
				88A4D7A329CB2F04005114F5 /* ContentView.swift in Sources */,
				88A4D7A129CB2F04005114F5 /* MyTimerApp.swift in Sources */,
				88E8323A29D099500024DCFF /* HapticsManager.swift in Sources */,
				88A4D7CB29CB2F27005114F5 /* Content-ViewModel.swift in Sources */,
				88E8323C29D24F030024DCFF /* PushNotifications.swift in Sources */,
			);
			runOnlyForDeploymentPostprocessing = 0;
		};
		88A4D7A929CB2F06005114F5 /* Sources */ = {
			isa = PBXSourcesBuildPhase;
			buildActionMask = 2147483647;
			files = (
				88A4D7B229CB2F06005114F5 /* MyTimerTests.swift in Sources */,
			);
			runOnlyForDeploymentPostprocessing = 0;
		};
		88A4D7B329CB2F06005114F5 /* Sources */ = {
			isa = PBXSourcesBuildPhase;
			buildActionMask = 2147483647;
			files = (
				88A4D7BE29CB2F06005114F5 /* MyTimerUITestsLaunchTests.swift in Sources */,
				88A4D7BC29CB2F06005114F5 /* MyTimerUITests.swift in Sources */,
			);
			runOnlyForDeploymentPostprocessing = 0;
		};
/* End PBXSourcesBuildPhase section */

/* Begin PBXTargetDependency section */
		88A4D7AF29CB2F06005114F5 /* PBXTargetDependency */ = {
			isa = PBXTargetDependency;
			target = 88A4D79C29CB2F04005114F5 /* MyTimer */;
			targetProxy = 88A4D7AE29CB2F06005114F5 /* PBXContainerItemProxy */;
		};
		88A4D7B929CB2F06005114F5 /* PBXTargetDependency */ = {
			isa = PBXTargetDependency;
			target = 88A4D79C29CB2F04005114F5 /* MyTimer */;
			targetProxy = 88A4D7B829CB2F06005114F5 /* PBXContainerItemProxy */;
		};
/* End PBXTargetDependency section */

/* Begin XCBuildConfiguration section */
		88A4D7BF29CB2F06005114F5 /* Debug */ = {
			isa = XCBuildConfiguration;
			buildSettings = {
				ALWAYS_SEARCH_USER_PATHS = NO;
				CLANG_ANALYZER_NONNULL = YES;
				CLANG_ANALYZER_NUMBER_OBJECT_CONVERSION = YES_AGGRESSIVE;
				CLANG_CXX_LANGUAGE_STANDARD = "gnu++20";
				CLANG_ENABLE_MODULES = YES;
				CLANG_ENABLE_OBJC_ARC = YES;
				CLANG_ENABLE_OBJC_WEAK = YES;
				CLANG_WARN_BLOCK_CAPTURE_AUTORELEASING = YES;
				CLANG_WARN_BOOL_CONVERSION = YES;
				CLANG_WARN_COMMA = YES;
				CLANG_WARN_CONSTANT_CONVERSION = YES;
				CLANG_WARN_DEPRECATED_OBJC_IMPLEMENTATIONS = YES;
				CLANG_WARN_DIRECT_OBJC_ISA_USAGE = YES_ERROR;
				CLANG_WARN_DOCUMENTATION_COMMENTS = YES;
				CLANG_WARN_EMPTY_BODY = YES;
				CLANG_WARN_ENUM_CONVERSION = YES;
				CLANG_WARN_INFINITE_RECURSION = YES;
				CLANG_WARN_INT_CONVERSION = YES;
				CLANG_WARN_NON_LITERAL_NULL_CONVERSION = YES;
				CLANG_WARN_OBJC_IMPLICIT_RETAIN_SELF = YES;
				CLANG_WARN_OBJC_LITERAL_CONVERSION = YES;
				CLANG_WARN_OBJC_ROOT_CLASS = YES_ERROR;
				CLANG_WARN_QUOTED_INCLUDE_IN_FRAMEWORK_HEADER = YES;
				CLANG_WARN_RANGE_LOOP_ANALYSIS = YES;
				CLANG_WARN_STRICT_PROTOTYPES = YES;
				CLANG_WARN_SUSPICIOUS_MOVE = YES;
				CLANG_WARN_UNGUARDED_AVAILABILITY = YES_AGGRESSIVE;
				CLANG_WARN_UNREACHABLE_CODE = YES;
				CLANG_WARN__DUPLICATE_METHOD_MATCH = YES;
				COPY_PHASE_STRIP = NO;
				DEBUG_INFORMATION_FORMAT = dwarf;
				ENABLE_STRICT_OBJC_MSGSEND = YES;
				ENABLE_TESTABILITY = YES;
				GCC_C_LANGUAGE_STANDARD = gnu11;
				GCC_DYNAMIC_NO_PIC = NO;
				GCC_NO_COMMON_BLOCKS = YES;
				GCC_OPTIMIZATION_LEVEL = 0;
				GCC_PREPROCESSOR_DEFINITIONS = (
					"DEBUG=1",
					"$(inherited)",
				);
				GCC_WARN_64_TO_32_BIT_CONVERSION = YES;
				GCC_WARN_ABOUT_RETURN_TYPE = YES_ERROR;
				GCC_WARN_UNDECLARED_SELECTOR = YES;
				GCC_WARN_UNINITIALIZED_AUTOS = YES_AGGRESSIVE;
				GCC_WARN_UNUSED_FUNCTION = YES;
				GCC_WARN_UNUSED_VARIABLE = YES;
				IPHONEOS_DEPLOYMENT_TARGET = 16.2;
				MTL_ENABLE_DEBUG_INFO = INCLUDE_SOURCE;
				MTL_FAST_MATH = YES;
				ONLY_ACTIVE_ARCH = YES;
				SDKROOT = iphoneos;
				SWIFT_ACTIVE_COMPILATION_CONDITIONS = DEBUG;
				SWIFT_OPTIMIZATION_LEVEL = "-Onone";
			};
			name = Debug;
		};
		88A4D7C029CB2F06005114F5 /* Release */ = {
			isa = XCBuildConfiguration;
			buildSettings = {
				ALWAYS_SEARCH_USER_PATHS = NO;
				CLANG_ANALYZER_NONNULL = YES;
				CLANG_ANALYZER_NUMBER_OBJECT_CONVERSION = YES_AGGRESSIVE;
				CLANG_CXX_LANGUAGE_STANDARD = "gnu++20";
				CLANG_ENABLE_MODULES = YES;
				CLANG_ENABLE_OBJC_ARC = YES;
				CLANG_ENABLE_OBJC_WEAK = YES;
				CLANG_WARN_BLOCK_CAPTURE_AUTORELEASING = YES;
				CLANG_WARN_BOOL_CONVERSION = YES;
				CLANG_WARN_COMMA = YES;
				CLANG_WARN_CONSTANT_CONVERSION = YES;
				CLANG_WARN_DEPRECATED_OBJC_IMPLEMENTATIONS = YES;
				CLANG_WARN_DIRECT_OBJC_ISA_USAGE = YES_ERROR;
				CLANG_WARN_DOCUMENTATION_COMMENTS = YES;
				CLANG_WARN_EMPTY_BODY = YES;
				CLANG_WARN_ENUM_CONVERSION = YES;
				CLANG_WARN_INFINITE_RECURSION = YES;
				CLANG_WARN_INT_CONVERSION = YES;
				CLANG_WARN_NON_LITERAL_NULL_CONVERSION = YES;
				CLANG_WARN_OBJC_IMPLICIT_RETAIN_SELF = YES;
				CLANG_WARN_OBJC_LITERAL_CONVERSION = YES;
				CLANG_WARN_OBJC_ROOT_CLASS = YES_ERROR;
				CLANG_WARN_QUOTED_INCLUDE_IN_FRAMEWORK_HEADER = YES;
				CLANG_WARN_RANGE_LOOP_ANALYSIS = YES;
				CLANG_WARN_STRICT_PROTOTYPES = YES;
				CLANG_WARN_SUSPICIOUS_MOVE = YES;
				CLANG_WARN_UNGUARDED_AVAILABILITY = YES_AGGRESSIVE;
				CLANG_WARN_UNREACHABLE_CODE = YES;
				CLANG_WARN__DUPLICATE_METHOD_MATCH = YES;
				COPY_PHASE_STRIP = NO;
				DEBUG_INFORMATION_FORMAT = "dwarf-with-dsym";
				ENABLE_NS_ASSERTIONS = NO;
				ENABLE_STRICT_OBJC_MSGSEND = YES;
				GCC_C_LANGUAGE_STANDARD = gnu11;
				GCC_NO_COMMON_BLOCKS = YES;
				GCC_WARN_64_TO_32_BIT_CONVERSION = YES;
				GCC_WARN_ABOUT_RETURN_TYPE = YES_ERROR;
				GCC_WARN_UNDECLARED_SELECTOR = YES;
				GCC_WARN_UNINITIALIZED_AUTOS = YES_AGGRESSIVE;
				GCC_WARN_UNUSED_FUNCTION = YES;
				GCC_WARN_UNUSED_VARIABLE = YES;
				IPHONEOS_DEPLOYMENT_TARGET = 16.2;
				MTL_ENABLE_DEBUG_INFO = NO;
				MTL_FAST_MATH = YES;
				SDKROOT = iphoneos;
				SWIFT_COMPILATION_MODE = wholemodule;
				SWIFT_OPTIMIZATION_LEVEL = "-O";
				VALIDATE_PRODUCT = YES;
			};
			name = Release;
		};
		88A4D7C229CB2F06005114F5 /* Debug */ = {
			isa = XCBuildConfiguration;
			buildSettings = {
				ASSETCATALOG_COMPILER_APPICON_NAME = AppIcon;
				ASSETCATALOG_COMPILER_GLOBAL_ACCENT_COLOR_NAME = AccentColor;
				CODE_SIGN_STYLE = Automatic;
				CURRENT_PROJECT_VERSION = 1;
				DEVELOPMENT_ASSET_PATHS = "\"MyTimer/Preview Content\"";
				DEVELOPMENT_TEAM = FJJHFM4GK5;
				ENABLE_PREVIEWS = YES;
				GENERATE_INFOPLIST_FILE = YES;
				INFOPLIST_FILE = MyTimer/Info.plist;
				INFOPLIST_KEY_UIApplicationSupportsIndirectInputEvents = YES;
				INFOPLIST_KEY_UILaunchScreen_Generation = YES;
				INFOPLIST_KEY_UISupportedInterfaceOrientations_iPad = "UIInterfaceOrientationPortrait UIInterfaceOrientationPortraitUpsideDown UIInterfaceOrientationLandscapeLeft UIInterfaceOrientationLandscapeRight";
				INFOPLIST_KEY_UISupportedInterfaceOrientations_iPhone = "UIInterfaceOrientationPortrait UIInterfaceOrientationLandscapeLeft UIInterfaceOrientationLandscapeRight";
				LD_RUNPATH_SEARCH_PATHS = (
					"$(inherited)",
					"@executable_path/Frameworks",
				);
				MARKETING_VERSION = 1.0;
				PRODUCT_BUNDLE_IDENTIFIER = com.MyTimer1;
				PRODUCT_NAME = "$(TARGET_NAME)";
				SWIFT_EMIT_LOC_STRINGS = YES;
				SWIFT_VERSION = 5.0;
				TARGETED_DEVICE_FAMILY = "1,2";
			};
			name = Debug;
		};
		88A4D7C329CB2F06005114F5 /* Release */ = {
			isa = XCBuildConfiguration;
			buildSettings = {
				ASSETCATALOG_COMPILER_APPICON_NAME = AppIcon;
				ASSETCATALOG_COMPILER_GLOBAL_ACCENT_COLOR_NAME = AccentColor;
				CODE_SIGN_STYLE = Automatic;
				CURRENT_PROJECT_VERSION = 1;
				DEVELOPMENT_ASSET_PATHS = "\"MyTimer/Preview Content\"";
				DEVELOPMENT_TEAM = FJJHFM4GK5;
				ENABLE_PREVIEWS = YES;
				GENERATE_INFOPLIST_FILE = YES;
				INFOPLIST_FILE = MyTimer/Info.plist;
				INFOPLIST_KEY_UIApplicationSupportsIndirectInputEvents = YES;
				INFOPLIST_KEY_UILaunchScreen_Generation = YES;
				INFOPLIST_KEY_UISupportedInterfaceOrientations_iPad = "UIInterfaceOrientationPortrait UIInterfaceOrientationPortraitUpsideDown UIInterfaceOrientationLandscapeLeft UIInterfaceOrientationLandscapeRight";
				INFOPLIST_KEY_UISupportedInterfaceOrientations_iPhone = "UIInterfaceOrientationPortrait UIInterfaceOrientationLandscapeLeft UIInterfaceOrientationLandscapeRight";
				LD_RUNPATH_SEARCH_PATHS = (
					"$(inherited)",
					"@executable_path/Frameworks",
				);
				MARKETING_VERSION = 1.0;
				PRODUCT_BUNDLE_IDENTIFIER = com.MyTimer1;
				PRODUCT_NAME = "$(TARGET_NAME)";
				SWIFT_EMIT_LOC_STRINGS = YES;
				SWIFT_VERSION = 5.0;
				TARGETED_DEVICE_FAMILY = "1,2";
			};
			name = Release;
		};
		88A4D7C529CB2F06005114F5 /* Debug */ = {
			isa = XCBuildConfiguration;
			buildSettings = {
				ALWAYS_EMBED_SWIFT_STANDARD_LIBRARIES = YES;
				BUNDLE_LOADER = "$(TEST_HOST)";
				CODE_SIGN_STYLE = Automatic;
				CURRENT_PROJECT_VERSION = 1;
				DEVELOPMENT_TEAM = FJJHFM4GK5;
				GENERATE_INFOPLIST_FILE = YES;
				IPHONEOS_DEPLOYMENT_TARGET = 16.2;
				MARKETING_VERSION = 1.0;
				PRODUCT_BUNDLE_IDENTIFIER = com.MyTimerTests;
				PRODUCT_NAME = "$(TARGET_NAME)";
				SWIFT_EMIT_LOC_STRINGS = NO;
				SWIFT_VERSION = 5.0;
				TARGETED_DEVICE_FAMILY = "1,2";
				TEST_HOST = "$(BUILT_PRODUCTS_DIR)/MyTimer.app/$(BUNDLE_EXECUTABLE_FOLDER_PATH)/MyTimer";
			};
			name = Debug;
		};
		88A4D7C629CB2F06005114F5 /* Release */ = {
			isa = XCBuildConfiguration;
			buildSettings = {
				ALWAYS_EMBED_SWIFT_STANDARD_LIBRARIES = YES;
				BUNDLE_LOADER = "$(TEST_HOST)";
				CODE_SIGN_STYLE = Automatic;
				CURRENT_PROJECT_VERSION = 1;
				DEVELOPMENT_TEAM = FJJHFM4GK5;
				GENERATE_INFOPLIST_FILE = YES;
				IPHONEOS_DEPLOYMENT_TARGET = 16.2;
				MARKETING_VERSION = 1.0;
				PRODUCT_BUNDLE_IDENTIFIER = com.MyTimerTests;
				PRODUCT_NAME = "$(TARGET_NAME)";
				SWIFT_EMIT_LOC_STRINGS = NO;
				SWIFT_VERSION = 5.0;
				TARGETED_DEVICE_FAMILY = "1,2";
				TEST_HOST = "$(BUILT_PRODUCTS_DIR)/MyTimer.app/$(BUNDLE_EXECUTABLE_FOLDER_PATH)/MyTimer";
			};
			name = Release;
		};
		88A4D7C829CB2F06005114F5 /* Debug */ = {
			isa = XCBuildConfiguration;
			buildSettings = {
				ALWAYS_EMBED_SWIFT_STANDARD_LIBRARIES = YES;
				CODE_SIGN_STYLE = Automatic;
				CURRENT_PROJECT_VERSION = 1;
				DEVELOPMENT_TEAM = FJJHFM4GK5;
				GENERATE_INFOPLIST_FILE = YES;
				MARKETING_VERSION = 1.0;
				PRODUCT_BUNDLE_IDENTIFIER = com.MyTimerUITests;
				PRODUCT_NAME = "$(TARGET_NAME)";
				SWIFT_EMIT_LOC_STRINGS = NO;
				SWIFT_VERSION = 5.0;
				TARGETED_DEVICE_FAMILY = "1,2";
				TEST_TARGET_NAME = MyTimer;
			};
			name = Debug;
		};
		88A4D7C929CB2F06005114F5 /* Release */ = {
			isa = XCBuildConfiguration;
			buildSettings = {
				ALWAYS_EMBED_SWIFT_STANDARD_LIBRARIES = YES;
				CODE_SIGN_STYLE = Automatic;
				CURRENT_PROJECT_VERSION = 1;
				DEVELOPMENT_TEAM = FJJHFM4GK5;
				GENERATE_INFOPLIST_FILE = YES;
				MARKETING_VERSION = 1.0;
				PRODUCT_BUNDLE_IDENTIFIER = com.MyTimerUITests;
				PRODUCT_NAME = "$(TARGET_NAME)";
				SWIFT_EMIT_LOC_STRINGS = NO;
				SWIFT_VERSION = 5.0;
				TARGETED_DEVICE_FAMILY = "1,2";
				TEST_TARGET_NAME = MyTimer;
			};
			name = Release;
		};
/* End XCBuildConfiguration section */

/* Begin XCConfigurationList section */
		88A4D79829CB2F04005114F5 /* Build configuration list for PBXProject "MyTimer" */ = {
			isa = XCConfigurationList;
			buildConfigurations = (
				88A4D7BF29CB2F06005114F5 /* Debug */,
				88A4D7C029CB2F06005114F5 /* Release */,
			);
			defaultConfigurationIsVisible = 0;
			defaultConfigurationName = Release;
		};
		88A4D7C129CB2F06005114F5 /* Build configuration list for PBXNativeTarget "MyTimer" */ = {
			isa = XCConfigurationList;
			buildConfigurations = (
				88A4D7C229CB2F06005114F5 /* Debug */,
				88A4D7C329CB2F06005114F5 /* Release */,
			);
			defaultConfigurationIsVisible = 0;
			defaultConfigurationName = Release;
		};
		88A4D7C429CB2F06005114F5 /* Build configuration list for PBXNativeTarget "MyTimerTests" */ = {
			isa = XCConfigurationList;
			buildConfigurations = (
				88A4D7C529CB2F06005114F5 /* Debug */,
				88A4D7C629CB2F06005114F5 /* Release */,
			);
			defaultConfigurationIsVisible = 0;
			defaultConfigurationName = Release;
		};
		88A4D7C729CB2F06005114F5 /* Build configuration list for PBXNativeTarget "MyTimerUITests" */ = {
			isa = XCConfigurationList;
			buildConfigurations = (
				88A4D7C829CB2F06005114F5 /* Debug */,
				88A4D7C929CB2F06005114F5 /* Release */,
			);
			defaultConfigurationIsVisible = 0;
			defaultConfigurationName = Release;
		};
/* End XCConfigurationList section */

/* Begin XCRemoteSwiftPackageReference section */
		88E8324229D4D8660024DCFF /* XCRemoteSwiftPackageReference "AudioKit" */ = {
			isa = XCRemoteSwiftPackageReference;
			repositoryURL = "https://github.com/AudioKit/AudioKit.git";
			requirement = {
				kind = upToNextMajorVersion;
				minimumVersion = 5.0.0;
			};
		};
/* End XCRemoteSwiftPackageReference section */

/* Begin XCSwiftPackageProductDependency section */
		88E8324329D4D8660024DCFF /* AudioKit */ = {
			isa = XCSwiftPackageProductDependency;
			package = 88E8324229D4D8660024DCFF /* XCRemoteSwiftPackageReference "AudioKit" */;
			productName = AudioKit;
		};
/* End XCSwiftPackageProductDependency section */
	};
	rootObject = 88A4D79529CB2F04005114F5 /* Project object */;
}
